
Microsoft Visual Studio Solution File, Format Version 12.00
# Visual Studio Version 17
VisualStudioVersion = 17.6.33801.468
MinimumVisualStudioVersion = 10.0.40219.1
Project("{FAE04EC0-301F-11D3-BF4B-00C04F79EFBC}") = "BankApp", "BankApp\BankApp.csproj", "{F9F82C92-2B82-4604-8A3B-C14F0204872E}"
EndProject
Global
	GlobalSection(SolutionConfigurationPlatforms) = preSolution
		Debug|Any CPU = Debug|Any CPU
		Release|Any CPU = Release|Any CPU
	EndGlobalSection
	GlobalSection(ProjectConfigurationPlatforms) = postSolution
		{F9F82C92-2B82-4604-8A3B-C14F0204872E}.Debug|Any CPU.ActiveCfg = Debug|Any CPU
		{F9F82C92-2B82-4604-8A3B-C14F0204872E}.Debug|Any CPU.Build.0 = Debug|Any CPU
		{F9F82C92-2B82-4604-8A3B-C14F0204872E}.Release|Any CPU.ActiveCfg = Release|Any CPU
		{F9F82C92-2B82-4604-8A3B-C14F0204872E}.Release|Any CPU.Build.0 = Release|Any CPU
	EndGlobalSection
	GlobalSection(SolutionProperties) = preSolution
		HideSolutionNode = FALSE
	EndGlobalSection
	GlobalSection(ExtensibilityGlobals) = postSolution
		SolutionGuid = {4CCF0A69-5B36-4E68-8C04-7ADB5D743825}
	EndGlobalSection
EndGlobal
